
Microsoft Visual Studio Solution File, Format Version 12.00
# Visual Studio 2012
Project("{FAE04EC0-301F-11D3-BF4B-00C04F79EFBC}") = "XFHudSample", "XFHudSample\XFHudSample.csproj", "{A4E5FDD5-67B7-48A5-A6C2-195D4E8C8CE2}"
EndProject
Project("{FAE04EC0-301F-11D3-BF4B-00C04F79EFBC}") = "XFHudSample.iOS", "XFHudSample.iOS\XFHudSample.iOS.csproj", "{ED8593B3-9F0A-49A4-A83B-CCB2E9728784}"
EndProject
Project("{FAE04EC0-301F-11D3-BF4B-00C04F79EFBC}") = "XFHudSample.Droid", "XFHudSample.Droid\XFHudSample.Droid.csproj", "{889EF047-B9AC-4703-8780-267386AAC217}"
EndProject
Global
	GlobalSection(SolutionConfigurationPlatforms) = preSolution
		Debug|Any CPU = Debug|Any CPU
		Release|Any CPU = Release|Any CPU
		Debug|iPhoneSimulator = Debug|iPhoneSimulator
		Release|iPhone = Release|iPhone
		Release|iPhoneSimulator = Release|iPhoneSimulator
		Debug|iPhone = Debug|iPhone
	EndGlobalSection
	GlobalSection(ProjectConfigurationPlatforms) = postSolution
		{A4E5FDD5-67B7-48A5-A6C2-195D4E8C8CE2}.Debug|Any CPU.ActiveCfg = Debug|Any CPU
		{A4E5FDD5-67B7-48A5-A6C2-195D4E8C8CE2}.Debug|Any CPU.Build.0 = Debug|Any CPU
		{A4E5FDD5-67B7-48A5-A6C2-195D4E8C8CE2}.Release|Any CPU.ActiveCfg = Release|Any CPU
		{A4E5FDD5-67B7-48A5-A6C2-195D4E8C8CE2}.Release|Any CPU.Build.0 = Release|Any CPU
		{A4E5FDD5-67B7-48A5-A6C2-195D4E8C8CE2}.Debug|iPhoneSimulator.ActiveCfg = Debug|Any CPU
		{A4E5FDD5-67B7-48A5-A6C2-195D4E8C8CE2}.Debug|iPhoneSimulator.Build.0 = Debug|Any CPU
		{A4E5FDD5-67B7-48A5-A6C2-195D4E8C8CE2}.Release|iPhone.ActiveCfg = Release|Any CPU
		{A4E5FDD5-67B7-48A5-A6C2-195D4E8C8CE2}.Release|iPhone.Build.0 = Release|Any CPU
		{A4E5FDD5-67B7-48A5-A6C2-195D4E8C8CE2}.Release|iPhoneSimulator.ActiveCfg = Release|Any CPU
		{A4E5FDD5-67B7-48A5-A6C2-195D4E8C8CE2}.Release|iPhoneSimulator.Build.0 = Release|Any CPU
		{A4E5FDD5-67B7-48A5-A6C2-195D4E8C8CE2}.Debug|iPhone.ActiveCfg = Debug|Any CPU
		{A4E5FDD5-67B7-48A5-A6C2-195D4E8C8CE2}.Debug|iPhone.Build.0 = Debug|Any CPU
		{ED8593B3-9F0A-49A4-A83B-CCB2E9728784}.Debug|Any CPU.ActiveCfg = Debug|iPhoneSimulator
		{ED8593B3-9F0A-49A4-A83B-CCB2E9728784}.Debug|Any CPU.Build.0 = Debug|iPhoneSimulator
		{ED8593B3-9F0A-49A4-A83B-CCB2E9728784}.Release|Any CPU.ActiveCfg = Release|iPhone
		{ED8593B3-9F0A-49A4-A83B-CCB2E9728784}.Release|Any CPU.Build.0 = Release|iPhone
		{ED8593B3-9F0A-49A4-A83B-CCB2E9728784}.Debug|iPhoneSimulator.ActiveCfg = Debug|iPhoneSimulator
		{ED8593B3-9F0A-49A4-A83B-CCB2E9728784}.Debug|iPhoneSimulator.Build.0 = Debug|iPhoneSimulator
		{ED8593B3-9F0A-49A4-A83B-CCB2E9728784}.Release|iPhone.ActiveCfg = Release|iPhone
		{ED8593B3-9F0A-49A4-A83B-CCB2E9728784}.Release|iPhone.Build.0 = Release|iPhone
		{ED8593B3-9F0A-49A4-A83B-CCB2E9728784}.Release|iPhoneSimulator.ActiveCfg = Release|iPhoneSimulator
		{ED8593B3-9F0A-49A4-A83B-CCB2E9728784}.Release|iPhoneSimulator.Build.0 = Release|iPhoneSimulator
		{ED8593B3-9F0A-49A4-A83B-CCB2E9728784}.Debug|iPhone.ActiveCfg = Debug|iPhone
		{ED8593B3-9F0A-49A4-A83B-CCB2E9728784}.Debug|iPhone.Build.0 = Debug|iPhone
		{889EF047-B9AC-4703-8780-267386AAC217}.Debug|Any CPU.ActiveCfg = Debug|Any CPU
		{889EF047-B9AC-4703-8780-267386AAC217}.Debug|Any CPU.Build.0 = Debug|Any CPU
		{889EF047-B9AC-4703-8780-267386AAC217}.Release|Any CPU.ActiveCfg = Release|Any CPU
		{889EF047-B9AC-4703-8780-267386AAC217}.Release|Any CPU.Build.0 = Release|Any CPU
		{889EF047-B9AC-4703-8780-267386AAC217}.Debug|iPhoneSimulator.ActiveCfg = Debug|Any CPU
		{889EF047-B9AC-4703-8780-267386AAC217}.Debug|iPhoneSimulator.Build.0 = Debug|Any CPU
		{889EF047-B9AC-4703-8780-267386AAC217}.Release|iPhone.ActiveCfg = Release|Any CPU
		{889EF047-B9AC-4703-8780-267386AAC217}.Release|iPhone.Build.0 = Release|Any CPU
		{889EF047-B9AC-4703-8780-267386AAC217}.Release|iPhoneSimulator.ActiveCfg = Release|Any CPU
		{889EF047-B9AC-4703-8780-267386AAC217}.Release|iPhoneSimulator.Build.0 = Release|Any CPU
		{889EF047-B9AC-4703-8780-267386AAC217}.Debug|iPhone.ActiveCfg = Debug|Any CPU
		{889EF047-B9AC-4703-8780-267386AAC217}.Debug|iPhone.Build.0 = Debug|Any CPU
	EndGlobalSection
EndGlobal
